// !$*UTF8*$!
{
	archiveVersion = 1;
	classes = {
	};
	objectVersion = 55;
	objects = {

/* Begin PBXBuildFile section */
		731B3C8328AF6210004A41A4 /* AppDelegate.swift in Sources */ = {isa = PBXBuildFile; fileRef = 731B3C8228AF6210004A41A4 /* AppDelegate.swift */; };
		731B3C8528AF6210004A41A4 /* SceneDelegate.swift in Sources */ = {isa = PBXBuildFile; fileRef = 731B3C8428AF6210004A41A4 /* SceneDelegate.swift */; };
		731B3C8728AF6210004A41A4 /* ViewController.swift in Sources */ = {isa = PBXBuildFile; fileRef = 731B3C8628AF6210004A41A4 /* ViewController.swift */; };
		731B3C8A28AF6210004A41A4 /* Main.storyboard in Resources */ = {isa = PBXBuildFile; fileRef = 731B3C8828AF6210004A41A4 /* Main.storyboard */; };
		731B3C8C28AF6211004A41A4 /* Assets.xcassets in Resources */ = {isa = PBXBuildFile; fileRef = 731B3C8B28AF6211004A41A4 /* Assets.xcassets */; };
		731B3C8F28AF6211004A41A4 /* LaunchScreen.storyboard in Resources */ = {isa = PBXBuildFile; fileRef = 731B3C8D28AF6211004A41A4 /* LaunchScreen.storyboard */; };
		731B3C9A28AF6211004A41A4 /* SourceryTutorialAppTests.swift in Sources */ = {isa = PBXBuildFile; fileRef = 731B3C9928AF6211004A41A4 /* SourceryTutorialAppTests.swift */; };
		731B3CA428AF6211004A41A4 /* SourceryTutorialAppUITests.swift in Sources */ = {isa = PBXBuildFile; fileRef = 731B3CA328AF6211004A41A4 /* SourceryTutorialAppUITests.swift */; };
		731B3CA628AF6211004A41A4 /* SourceryTutorialAppUITestsLaunchTests.swift in Sources */ = {isa = PBXBuildFile; fileRef = 731B3CA528AF6211004A41A4 /* SourceryTutorialAppUITestsLaunchTests.swift */; };
/* End PBXBuildFile section */

/* Begin PBXContainerItemProxy section */
		731B3C9628AF6211004A41A4 /* PBXContainerItemProxy */ = {
			isa = PBXContainerItemProxy;
			containerPortal = 731B3C7728AF6210004A41A4 /* Project object */;
			proxyType = 1;
			remoteGlobalIDString = 731B3C7E28AF6210004A41A4;
			remoteInfo = SourceryTutorialApp;
		};
		731B3CA028AF6211004A41A4 /* PBXContainerItemProxy */ = {
			isa = PBXContainerItemProxy;
			containerPortal = 731B3C7728AF6210004A41A4 /* Project object */;
			proxyType = 1;
			remoteGlobalIDString = 731B3C7E28AF6210004A41A4;
			remoteInfo = SourceryTutorialApp;
		};
/* End PBXContainerItemProxy section */

/* Begin PBXFileReference section */
		731B3C7F28AF6210004A41A4 /* SourceryTutorialApp.app */ = {isa = PBXFileReference; explicitFileType = wrapper.application; includeInIndex = 0; path = SourceryTutorialApp.app; sourceTree = BUILT_PRODUCTS_DIR; };
		731B3C8228AF6210004A41A4 /* AppDelegate.swift */ = {isa = PBXFileReference; lastKnownFileType = sourcecode.swift; path = AppDelegate.swift; sourceTree = "<group>"; };
		731B3C8428AF6210004A41A4 /* SceneDelegate.swift */ = {isa = PBXFileReference; lastKnownFileType = sourcecode.swift; path = SceneDelegate.swift; sourceTree = "<group>"; };
		731B3C8628AF6210004A41A4 /* ViewController.swift */ = {isa = PBXFileReference; lastKnownFileType = sourcecode.swift; path = ViewController.swift; sourceTree = "<group>"; };
		731B3C8928AF6210004A41A4 /* Base */ = {isa = PBXFileReference; lastKnownFileType = file.storyboard; name = Base; path = Base.lproj/Main.storyboard; sourceTree = "<group>"; };
		731B3C8B28AF6211004A41A4 /* Assets.xcassets */ = {isa = PBXFileReference; lastKnownFileType = folder.assetcatalog; path = Assets.xcassets; sourceTree = "<group>"; };
		731B3C8E28AF6211004A41A4 /* Base */ = {isa = PBXFileReference; lastKnownFileType = file.storyboard; name = Base; path = Base.lproj/LaunchScreen.storyboard; sourceTree = "<group>"; };
		731B3C9028AF6211004A41A4 /* Info.plist */ = {isa = PBXFileReference; lastKnownFileType = text.plist.xml; path = Info.plist; sourceTree = "<group>"; };
		731B3C9528AF6211004A41A4 /* SourceryTutorialAppTests.xctest */ = {isa = PBXFileReference; explicitFileType = wrapper.cfbundle; includeInIndex = 0; path = SourceryTutorialAppTests.xctest; sourceTree = BUILT_PRODUCTS_DIR; };
		731B3C9928AF6211004A41A4 /* SourceryTutorialAppTests.swift */ = {isa = PBXFileReference; lastKnownFileType = sourcecode.swift; path = SourceryTutorialAppTests.swift; sourceTree = "<group>"; };
		731B3C9F28AF6211004A41A4 /* SourceryTutorialAppUITests.xctest */ = {isa = PBXFileReference; explicitFileType = wrapper.cfbundle; includeInIndex = 0; path = SourceryTutorialAppUITests.xctest; sourceTree = BUILT_PRODUCTS_DIR; };
		731B3CA328AF6211004A41A4 /* SourceryTutorialAppUITests.swift */ = {isa = PBXFileReference; lastKnownFileType = sourcecode.swift; path = SourceryTutorialAppUITests.swift; sourceTree = "<group>"; };
		731B3CA528AF6211004A41A4 /* SourceryTutorialAppUITestsLaunchTests.swift */ = {isa = PBXFileReference; lastKnownFileType = sourcecode.swift; path = SourceryTutorialAppUITestsLaunchTests.swift; sourceTree = "<group>"; };
/* End PBXFileReference section */

/* Begin PBXFrameworksBuildPhase section */
		731B3C7C28AF6210004A41A4 /* Frameworks */ = {
			isa = PBXFrameworksBuildPhase;
			buildActionMask = 2147483647;
			files = (
			);
			runOnlyForDeploymentPostprocessing = 0;
		};
		731B3C9228AF6211004A41A4 /* Frameworks */ = {
			isa = PBXFrameworksBuildPhase;
			buildActionMask = 2147483647;
			files = (
			);
			runOnlyForDeploymentPostprocessing = 0;
		};
		731B3C9C28AF6211004A41A4 /* Frameworks */ = {
			isa = PBXFrameworksBuildPhase;
			buildActionMask = 2147483647;
			files = (
			);
			runOnlyForDeploymentPostprocessing = 0;
		};
/* End PBXFrameworksBuildPhase section */

/* Begin PBXGroup section */
		731B3C7628AF6210004A41A4 = {
			isa = PBXGroup;
			children = (
				731B3C8128AF6210004A41A4 /* SourceryTutorialApp */,
				731B3C9828AF6211004A41A4 /* SourceryTutorialAppTests */,
				731B3CA228AF6211004A41A4 /* SourceryTutorialAppUITests */,
				731B3C8028AF6210004A41A4 /* Products */,
			);
			sourceTree = "<group>";
		};
		731B3C8028AF6210004A41A4 /* Products */ = {
			isa = PBXGroup;
			children = (
				731B3C7F28AF6210004A41A4 /* SourceryTutorialApp.app */,
				731B3C9528AF6211004A41A4 /* SourceryTutorialAppTests.xctest */,
				731B3C9F28AF6211004A41A4 /* SourceryTutorialAppUITests.xctest */,
			);
			name = Products;
			sourceTree = "<group>";
		};
		731B3C8128AF6210004A41A4 /* SourceryTutorialApp */ = {
			isa = PBXGroup;
			children = (
				731B3C8228AF6210004A41A4 /* AppDelegate.swift */,
				731B3C8428AF6210004A41A4 /* SceneDelegate.swift */,
				731B3C8628AF6210004A41A4 /* ViewController.swift */,
				731B3C8828AF6210004A41A4 /* Main.storyboard */,
				731B3C8B28AF6211004A41A4 /* Assets.xcassets */,
				731B3C8D28AF6211004A41A4 /* LaunchScreen.storyboard */,
				731B3C9028AF6211004A41A4 /* Info.plist */,
			);
			path = SourceryTutorialApp;
			sourceTree = "<group>";
		};
		731B3C9828AF6211004A41A4 /* SourceryTutorialAppTests */ = {
			isa = PBXGroup;
			children = (
				731B3C9928AF6211004A41A4 /* SourceryTutorialAppTests.swift */,
			);
			path = SourceryTutorialAppTests;
			sourceTree = "<group>";
		};
		731B3CA228AF6211004A41A4 /* SourceryTutorialAppUITests */ = {
			isa = PBXGroup;
			children = (
				731B3CA328AF6211004A41A4 /* SourceryTutorialAppUITests.swift */,
				731B3CA528AF6211004A41A4 /* SourceryTutorialAppUITestsLaunchTests.swift */,
			);
			path = SourceryTutorialAppUITests;
			sourceTree = "<group>";
		};
/* End PBXGroup section */

/* Begin PBXNativeTarget section */
		731B3C7E28AF6210004A41A4 /* SourceryTutorialApp */ = {
			isa = PBXNativeTarget;
			buildConfigurationList = 731B3CA928AF6211004A41A4 /* Build configuration list for PBXNativeTarget "SourceryTutorialApp" */;
			buildPhases = (
				731B3C7B28AF6210004A41A4 /* Sources */,
				731B3C7C28AF6210004A41A4 /* Frameworks */,
				731B3C7D28AF6210004A41A4 /* Resources */,
			);
			buildRules = (
			);
			dependencies = (
			);
			name = SourceryTutorialApp;
			productName = SourceryTutorialApp;
			productReference = 731B3C7F28AF6210004A41A4 /* SourceryTutorialApp.app */;
			productType = "com.apple.product-type.application";
		};
		731B3C9428AF6211004A41A4 /* SourceryTutorialAppTests */ = {
			isa = PBXNativeTarget;
			buildConfigurationList = 731B3CAC28AF6211004A41A4 /* Build configuration list for PBXNativeTarget "SourceryTutorialAppTests" */;
			buildPhases = (
				731B3C9128AF6211004A41A4 /* Sources */,
				731B3C9228AF6211004A41A4 /* Frameworks */,
				731B3C9328AF6211004A41A4 /* Resources */,
			);
			buildRules = (
			);
			dependencies = (
				731B3C9728AF6211004A41A4 /* PBXTargetDependency */,
			);
			name = SourceryTutorialAppTests;
			productName = SourceryTutorialAppTests;
			productReference = 731B3C9528AF6211004A41A4 /* SourceryTutorialAppTests.xctest */;
			productType = "com.apple.product-type.bundle.unit-test";
		};
		731B3C9E28AF6211004A41A4 /* SourceryTutorialAppUITests */ = {
			isa = PBXNativeTarget;
			buildConfigurationList = 731B3CAF28AF6211004A41A4 /* Build configuration list for PBXNativeTarget "SourceryTutorialAppUITests" */;
			buildPhases = (
				731B3C9B28AF6211004A41A4 /* Sources */,
				731B3C9C28AF6211004A41A4 /* Frameworks */,
				731B3C9D28AF6211004A41A4 /* Resources */,
			);
			buildRules = (
			);
			dependencies = (
				731B3CA128AF6211004A41A4 /* PBXTargetDependency */,
			);
			name = SourceryTutorialAppUITests;
			productName = SourceryTutorialAppUITests;
			productReference = 731B3C9F28AF6211004A41A4 /* SourceryTutorialAppUITests.xctest */;
			productType = "com.apple.product-type.bundle.ui-testing";
		};
/* End PBXNativeTarget section */

/* Begin PBXProject section */
		731B3C7728AF6210004A41A4 /* Project object */ = {
			isa = PBXProject;
			attributes = {
				BuildIndependentTargetsInParallel = 1;
				LastSwiftUpdateCheck = 1340;
				LastUpgradeCheck = 1340;
				TargetAttributes = {
					731B3C7E28AF6210004A41A4 = {
						CreatedOnToolsVersion = 13.4.1;
					};
					731B3C9428AF6211004A41A4 = {
						CreatedOnToolsVersion = 13.4.1;
						TestTargetID = 731B3C7E28AF6210004A41A4;
					};
					731B3C9E28AF6211004A41A4 = {
						CreatedOnToolsVersion = 13.4.1;
						TestTargetID = 731B3C7E28AF6210004A41A4;
					};
				};
			};
			buildConfigurationList = 731B3C7A28AF6210004A41A4 /* Build configuration list for PBXProject "SourceryTutorialApp" */;
			compatibilityVersion = "Xcode 13.0";
			developmentRegion = en;
			hasScannedForEncodings = 0;
			knownRegions = (
				en,
				Base,
			);
			mainGroup = 731B3C7628AF6210004A41A4;
			productRefGroup = 731B3C8028AF6210004A41A4 /* Products */;
			projectDirPath = "";
			projectRoot = "";
			targets = (
				731B3C7E28AF6210004A41A4 /* SourceryTutorialApp */,
				731B3C9428AF6211004A41A4 /* SourceryTutorialAppTests */,
				731B3C9E28AF6211004A41A4 /* SourceryTutorialAppUITests */,
			);
		};
/* End PBXProject section */

/* Begin PBXResourcesBuildPhase section */
		731B3C7D28AF6210004A41A4 /* Resources */ = {
			isa = PBXResourcesBuildPhase;
			buildActionMask = 2147483647;
			files = (
				731B3C8F28AF6211004A41A4 /* LaunchScreen.storyboard in Resources */,
				731B3C8C28AF6211004A41A4 /* Assets.xcassets in Resources */,
				731B3C8A28AF6210004A41A4 /* Main.storyboard in Resources */,
			);
			runOnlyForDeploymentPostprocessing = 0;
		};
		731B3C9328AF6211004A41A4 /* Resources */ = {
			isa = PBXResourcesBuildPhase;
			buildActionMask = 2147483647;
			files = (
			);
			runOnlyForDeploymentPostprocessing = 0;
		};
		731B3C9D28AF6211004A41A4 /* Resources */ = {
			isa = PBXResourcesBuildPhase;
			buildActionMask = 2147483647;
			files = (
			);
			runOnlyForDeploymentPostprocessing = 0;
		};
/* End PBXResourcesBuildPhase section */

/* Begin PBXSourcesBuildPhase section */
		731B3C7B28AF6210004A41A4 /* Sources */ = {
			isa = PBXSourcesBuildPhase;
			buildActionMask = 2147483647;
			files = (
				731B3C8728AF6210004A41A4 /* ViewController.swift in Sources */,
				731B3C8328AF6210004A41A4 /* AppDelegate.swift in Sources */,
				731B3C8528AF6210004A41A4 /* SceneDelegate.swift in Sources */,
			);
			runOnlyForDeploymentPostprocessing = 0;
		};
		731B3C9128AF6211004A41A4 /* Sources */ = {
			isa = PBXSourcesBuildPhase;
			buildActionMask = 2147483647;
			files = (
				731B3C9A28AF6211004A41A4 /* SourceryTutorialAppTests.swift in Sources */,
			);
			runOnlyForDeploymentPostprocessing = 0;
		};
		731B3C9B28AF6211004A41A4 /* Sources */ = {
			isa = PBXSourcesBuildPhase;
			buildActionMask = 2147483647;
			files = (
				731B3CA628AF6211004A41A4 /* SourceryTutorialAppUITestsLaunchTests.swift in Sources */,
				731B3CA428AF6211004A41A4 /* SourceryTutorialAppUITests.swift in Sources */,
			);
			runOnlyForDeploymentPostprocessing = 0;
		};
/* End PBXSourcesBuildPhase section */

/* Begin PBXTargetDependency section */
		731B3C9728AF6211004A41A4 /* PBXTargetDependency */ = {
			isa = PBXTargetDependency;
			target = 731B3C7E28AF6210004A41A4 /* SourceryTutorialApp */;
			targetProxy = 731B3C9628AF6211004A41A4 /* PBXContainerItemProxy */;
		};
		731B3CA128AF6211004A41A4 /* PBXTargetDependency */ = {
			isa = PBXTargetDependency;
			target = 731B3C7E28AF6210004A41A4 /* SourceryTutorialApp */;
			targetProxy = 731B3CA028AF6211004A41A4 /* PBXContainerItemProxy */;
		};
/* End PBXTargetDependency section */

/* Begin PBXVariantGroup section */
		731B3C8828AF6210004A41A4 /* Main.storyboard */ = {
			isa = PBXVariantGroup;
			children = (
				731B3C8928AF6210004A41A4 /* Base */,
			);
			name = Main.storyboard;
			sourceTree = "<group>";
		};
		731B3C8D28AF6211004A41A4 /* LaunchScreen.storyboard */ = {
			isa = PBXVariantGroup;
			children = (
				731B3C8E28AF6211004A41A4 /* Base */,
			);
			name = LaunchScreen.storyboard;
			sourceTree = "<group>";
		};
/* End PBXVariantGroup section */

/* Begin XCBuildConfiguration section */
		731B3CA728AF6211004A41A4 /* Debug */ = {
			isa = XCBuildConfiguration;
			buildSettings = {
				ALWAYS_SEARCH_USER_PATHS = NO;
				CLANG_ANALYZER_NONNULL = YES;
				CLANG_ANALYZER_NUMBER_OBJECT_CONVERSION = YES_AGGRESSIVE;
				CLANG_CXX_LANGUAGE_STANDARD = "gnu++17";
				CLANG_ENABLE_MODULES = YES;
				CLANG_ENABLE_OBJC_ARC = YES;
				CLANG_ENABLE_OBJC_WEAK = YES;
				CLANG_WARN_BLOCK_CAPTURE_AUTORELEASING = YES;
				CLANG_WARN_BOOL_CONVERSION = YES;
				CLANG_WARN_COMMA = YES;
				CLANG_WARN_CONSTANT_CONVERSION = YES;
				CLANG_WARN_DEPRECATED_OBJC_IMPLEMENTATIONS = YES;
				CLANG_WARN_DIRECT_OBJC_ISA_USAGE = YES_ERROR;
				CLANG_WARN_DOCUMENTATION_COMMENTS = YES;
				CLANG_WARN_EMPTY_BODY = YES;
				CLANG_WARN_ENUM_CONVERSION = YES;
				CLANG_WARN_INFINITE_RECURSION = YES;
				CLANG_WARN_INT_CONVERSION = YES;
				CLANG_WARN_NON_LITERAL_NULL_CONVERSION = YES;
				CLANG_WARN_OBJC_IMPLICIT_RETAIN_SELF = YES;
				CLANG_WARN_OBJC_LITERAL_CONVERSION = YES;
				CLANG_WARN_OBJC_ROOT_CLASS = YES_ERROR;
				CLANG_WARN_QUOTED_INCLUDE_IN_FRAMEWORK_HEADER = YES;
				CLANG_WARN_RANGE_LOOP_ANALYSIS = YES;
				CLANG_WARN_STRICT_PROTOTYPES = YES;
				CLANG_WARN_SUSPICIOUS_MOVE = YES;
				CLANG_WARN_UNGUARDED_AVAILABILITY = YES_AGGRESSIVE;
				CLANG_WARN_UNREACHABLE_CODE = YES;
				CLANG_WARN__DUPLICATE_METHOD_MATCH = YES;
				COPY_PHASE_STRIP = NO;
				DEBUG_INFORMATION_FORMAT = dwarf;
				ENABLE_STRICT_OBJC_MSGSEND = YES;
				ENABLE_TESTABILITY = YES;
				GCC_C_LANGUAGE_STANDARD = gnu11;
				GCC_DYNAMIC_NO_PIC = NO;
				GCC_NO_COMMON_BLOCKS = YES;
				GCC_OPTIMIZATION_LEVEL = 0;
				GCC_PREPROCESSOR_DEFINITIONS = (
					"DEBUG=1",
					"$(inherited)",
				);
				GCC_WARN_64_TO_32_BIT_CONVERSION = YES;
				GCC_WARN_ABOUT_RETURN_TYPE = YES_ERROR;
				GCC_WARN_UNDECLARED_SELECTOR = YES;
				GCC_WARN_UNINITIALIZED_AUTOS = YES_AGGRESSIVE;
				GCC_WARN_UNUSED_FUNCTION = YES;
				GCC_WARN_UNUSED_VARIABLE = YES;
				IPHONEOS_DEPLOYMENT_TARGET = 15.5;
				MTL_ENABLE_DEBUG_INFO = INCLUDE_SOURCE;
				MTL_FAST_MATH = YES;
				ONLY_ACTIVE_ARCH = YES;
				SDKROOT = iphoneos;
				SWIFT_ACTIVE_COMPILATION_CONDITIONS = DEBUG;
				SWIFT_OPTIMIZATION_LEVEL = "-Onone";
			};
			name = Debug;
		};
		731B3CA828AF6211004A41A4 /* Release */ = {
			isa = XCBuildConfiguration;
			buildSettings = {
				ALWAYS_SEARCH_USER_PATHS = NO;
				CLANG_ANALYZER_NONNULL = YES;
				CLANG_ANALYZER_NUMBER_OBJECT_CONVERSION = YES_AGGRESSIVE;
				CLANG_CXX_LANGUAGE_STANDARD = "gnu++17";
				CLANG_ENABLE_MODULES = YES;
				CLANG_ENABLE_OBJC_ARC = YES;
				CLANG_ENABLE_OBJC_WEAK = YES;
				CLANG_WARN_BLOCK_CAPTURE_AUTORELEASING = YES;
				CLANG_WARN_BOOL_CONVERSION = YES;
				CLANG_WARN_COMMA = YES;
				CLANG_WARN_CONSTANT_CONVERSION = YES;
				CLANG_WARN_DEPRECATED_OBJC_IMPLEMENTATIONS = YES;
				CLANG_WARN_DIRECT_OBJC_ISA_USAGE = YES_ERROR;
				CLANG_WARN_DOCUMENTATION_COMMENTS = YES;
				CLANG_WARN_EMPTY_BODY = YES;
				CLANG_WARN_ENUM_CONVERSION = YES;
				CLANG_WARN_INFINITE_RECURSION = YES;
				CLANG_WARN_INT_CONVERSION = YES;
				CLANG_WARN_NON_LITERAL_NULL_CONVERSION = YES;
				CLANG_WARN_OBJC_IMPLICIT_RETAIN_SELF = YES;
				CLANG_WARN_OBJC_LITERAL_CONVERSION = YES;
				CLANG_WARN_OBJC_ROOT_CLASS = YES_ERROR;
				CLANG_WARN_QUOTED_INCLUDE_IN_FRAMEWORK_HEADER = YES;
				CLANG_WARN_RANGE_LOOP_ANALYSIS = YES;
				CLANG_WARN_STRICT_PROTOTYPES = YES;
				CLANG_WARN_SUSPICIOUS_MOVE = YES;
				CLANG_WARN_UNGUARDED_AVAILABILITY = YES_AGGRESSIVE;
				CLANG_WARN_UNREACHABLE_CODE = YES;
				CLANG_WARN__DUPLICATE_METHOD_MATCH = YES;
				COPY_PHASE_STRIP = NO;
				DEBUG_INFORMATION_FORMAT = "dwarf-with-dsym";
				ENABLE_NS_ASSERTIONS = NO;
				ENABLE_STRICT_OBJC_MSGSEND = YES;
				GCC_C_LANGUAGE_STANDARD = gnu11;
				GCC_NO_COMMON_BLOCKS = YES;
				GCC_WARN_64_TO_32_BIT_CONVERSION = YES;
				GCC_WARN_ABOUT_RETURN_TYPE = YES_ERROR;
				GCC_WARN_UNDECLARED_SELECTOR = YES;
				GCC_WARN_UNINITIALIZED_AUTOS = YES_AGGRESSIVE;
				GCC_WARN_UNUSED_FUNCTION = YES;
				GCC_WARN_UNUSED_VARIABLE = YES;
				IPHONEOS_DEPLOYMENT_TARGET = 15.5;
				MTL_ENABLE_DEBUG_INFO = NO;
				MTL_FAST_MATH = YES;
				SDKROOT = iphoneos;
				SWIFT_COMPILATION_MODE = wholemodule;
				SWIFT_OPTIMIZATION_LEVEL = "-O";
				VALIDATE_PRODUCT = YES;
			};
			name = Release;
		};
		731B3CAA28AF6211004A41A4 /* Debug */ = {
			isa = XCBuildConfiguration;
			buildSettings = {
				ASSETCATALOG_COMPILER_APPICON_NAME = AppIcon;
				ASSETCATALOG_COMPILER_GLOBAL_ACCENT_COLOR_NAME = AccentColor;
				CODE_SIGN_STYLE = Automatic;
				CURRENT_PROJECT_VERSION = 1;
				DEVELOPMENT_TEAM = 7VVYD72B39;
				GENERATE_INFOPLIST_FILE = YES;
				INFOPLIST_FILE = SourceryTutorialApp/Info.plist;
				INFOPLIST_KEY_UIApplicationSupportsIndirectInputEvents = YES;
				INFOPLIST_KEY_UILaunchStoryboardName = LaunchScreen;
				INFOPLIST_KEY_UIMainStoryboardFile = Main;
				INFOPLIST_KEY_UISupportedInterfaceOrientations_iPad = "UIInterfaceOrientationPortrait UIInterfaceOrientationPortraitUpsideDown UIInterfaceOrientationLandscapeLeft UIInterfaceOrientationLandscapeRight";
				INFOPLIST_KEY_UISupportedInterfaceOrientations_iPhone = "UIInterfaceOrientationPortrait UIInterfaceOrientationLandscapeLeft UIInterfaceOrientationLandscapeRight";
				LD_RUNPATH_SEARCH_PATHS = (
					"$(inherited)",
					"@executable_path/Frameworks",
				);
				MARKETING_VERSION = 1.0;
				PRODUCT_BUNDLE_IDENTIFIER = anies.app.SourceryTutorialApp;
				PRODUCT_NAME = "$(TARGET_NAME)";
				SWIFT_EMIT_LOC_STRINGS = YES;
				SWIFT_VERSION = 5.0;
				TARGETED_DEVICE_FAMILY = "1,2";
			};
			name = Debug;
		};
		731B3CAB28AF6211004A41A4 /* Release */ = {
			isa = XCBuildConfiguration;
			buildSettings = {
				ASSETCATALOG_COMPILER_APPICON_NAME = AppIcon;
				ASSETCATALOG_COMPILER_GLOBAL_ACCENT_COLOR_NAME = AccentColor;
				CODE_SIGN_STYLE = Automatic;
				CURRENT_PROJECT_VERSION = 1;
				DEVELOPMENT_TEAM = 7VVYD72B39;
				GENERATE_INFOPLIST_FILE = YES;
				INFOPLIST_FILE = SourceryTutorialApp/Info.plist;
				INFOPLIST_KEY_UIApplicationSupportsIndirectInputEvents = YES;
				INFOPLIST_KEY_UILaunchStoryboardName = LaunchScreen;
				INFOPLIST_KEY_UIMainStoryboardFile = Main;
				INFOPLIST_KEY_UISupportedInterfaceOrientations_iPad = "UIInterfaceOrientationPortrait UIInterfaceOrientationPortraitUpsideDown UIInterfaceOrientationLandscapeLeft UIInterfaceOrientationLandscapeRight";
				INFOPLIST_KEY_UISupportedInterfaceOrientations_iPhone = "UIInterfaceOrientationPortrait UIInterfaceOrientationLandscapeLeft UIInterfaceOrientationLandscapeRight";
				LD_RUNPATH_SEARCH_PATHS = (
					"$(inherited)",
					"@executable_path/Frameworks",
				);
				MARKETING_VERSION = 1.0;
				PRODUCT_BUNDLE_IDENTIFIER = anies.app.SourceryTutorialApp;
				PRODUCT_NAME = "$(TARGET_NAME)";
				SWIFT_EMIT_LOC_STRINGS = YES;
				SWIFT_VERSION = 5.0;
				TARGETED_DEVICE_FAMILY = "1,2";
			};
			name = Release;
		};
		731B3CAD28AF6211004A41A4 /* Debug */ = {
			isa = XCBuildConfiguration;
			buildSettings = {
				ALWAYS_EMBED_SWIFT_STANDARD_LIBRARIES = YES;
				BUNDLE_LOADER = "$(TEST_HOST)";
				CODE_SIGN_STYLE = Automatic;
				CURRENT_PROJECT_VERSION = 1;
				DEVELOPMENT_TEAM = 7VVYD72B39;
				GENERATE_INFOPLIST_FILE = YES;
				IPHONEOS_DEPLOYMENT_TARGET = 15.5;
				MARKETING_VERSION = 1.0;
				PRODUCT_BUNDLE_IDENTIFIER = anies.app.SourceryTutorialAppTests;
				PRODUCT_NAME = "$(TARGET_NAME)";
				SWIFT_EMIT_LOC_STRINGS = NO;
				SWIFT_VERSION = 5.0;
				TARGETED_DEVICE_FAMILY = "1,2";
				TEST_HOST = "$(BUILT_PRODUCTS_DIR)/SourceryTutorialApp.app/SourceryTutorialApp";
			};
			name = Debug;
		};
		731B3CAE28AF6211004A41A4 /* Release */ = {
			isa = XCBuildConfiguration;
			buildSettings = {
				ALWAYS_EMBED_SWIFT_STANDARD_LIBRARIES = YES;
				BUNDLE_LOADER = "$(TEST_HOST)";
				CODE_SIGN_STYLE = Automatic;
				CURRENT_PROJECT_VERSION = 1;
				DEVELOPMENT_TEAM = 7VVYD72B39;
				GENERATE_INFOPLIST_FILE = YES;
				IPHONEOS_DEPLOYMENT_TARGET = 15.5;
				MARKETING_VERSION = 1.0;
				PRODUCT_BUNDLE_IDENTIFIER = anies.app.SourceryTutorialAppTests;
				PRODUCT_NAME = "$(TARGET_NAME)";
				SWIFT_EMIT_LOC_STRINGS = NO;
				SWIFT_VERSION = 5.0;
				TARGETED_DEVICE_FAMILY = "1,2";
				TEST_HOST = "$(BUILT_PRODUCTS_DIR)/SourceryTutorialApp.app/SourceryTutorialApp";
			};
			name = Release;
		};
		731B3CB028AF6211004A41A4 /* Debug */ = {
			isa = XCBuildConfiguration;
			buildSettings = {
				ALWAYS_EMBED_SWIFT_STANDARD_LIBRARIES = YES;
				CODE_SIGN_STYLE = Automatic;
				CURRENT_PROJECT_VERSION = 1;
				DEVELOPMENT_TEAM = 7VVYD72B39;
				GENERATE_INFOPLIST_FILE = YES;
				MARKETING_VERSION = 1.0;
				PRODUCT_BUNDLE_IDENTIFIER = anies.app.SourceryTutorialAppUITests;
				PRODUCT_NAME = "$(TARGET_NAME)";
				SWIFT_EMIT_LOC_STRINGS = NO;
				SWIFT_VERSION = 5.0;
				TARGETED_DEVICE_FAMILY = "1,2";
				TEST_TARGET_NAME = SourceryTutorialApp;
			};
			name = Debug;
		};
		731B3CB128AF6211004A41A4 /* Release */ = {
			isa = XCBuildConfiguration;
			buildSettings = {
				ALWAYS_EMBED_SWIFT_STANDARD_LIBRARIES = YES;
				CODE_SIGN_STYLE = Automatic;
				CURRENT_PROJECT_VERSION = 1;
				DEVELOPMENT_TEAM = 7VVYD72B39;
				GENERATE_INFOPLIST_FILE = YES;
				MARKETING_VERSION = 1.0;
				PRODUCT_BUNDLE_IDENTIFIER = anies.app.SourceryTutorialAppUITests;
				PRODUCT_NAME = "$(TARGET_NAME)";
				SWIFT_EMIT_LOC_STRINGS = NO;
				SWIFT_VERSION = 5.0;
				TARGETED_DEVICE_FAMILY = "1,2";
				TEST_TARGET_NAME = SourceryTutorialApp;
			};
			name = Release;
		};
/* End XCBuildConfiguration section */

/* Begin XCConfigurationList section */
		731B3C7A28AF6210004A41A4 /* Build configuration list for PBXProject "SourceryTutorialApp" */ = {
			isa = XCConfigurationList;
			buildConfigurations = (
				731B3CA728AF6211004A41A4 /* Debug */,
				731B3CA828AF6211004A41A4 /* Release */,
			);
			defaultConfigurationIsVisible = 0;
			defaultConfigurationName = Release;
		};
		731B3CA928AF6211004A41A4 /* Build configuration list for PBXNativeTarget "SourceryTutorialApp" */ = {
			isa = XCConfigurationList;
			buildConfigurations = (
				731B3CAA28AF6211004A41A4 /* Debug */,
				731B3CAB28AF6211004A41A4 /* Release */,
			);
			defaultConfigurationIsVisible = 0;
			defaultConfigurationName = Release;
		};
		731B3CAC28AF6211004A41A4 /* Build configuration list for PBXNativeTarget "SourceryTutorialAppTests" */ = {
			isa = XCConfigurationList;
			buildConfigurations = (
				731B3CAD28AF6211004A41A4 /* Debug */,
				731B3CAE28AF6211004A41A4 /* Release */,
			);
			defaultConfigurationIsVisible = 0;
			defaultConfigurationName = Release;
		};
		731B3CAF28AF6211004A41A4 /* Build configuration list for PBXNativeTarget "SourceryTutorialAppUITests" */ = {
			isa = XCConfigurationList;
			buildConfigurations = (
				731B3CB028AF6211004A41A4 /* Debug */,
				731B3CB128AF6211004A41A4 /* Release */,
			);
			defaultConfigurationIsVisible = 0;
			defaultConfigurationName = Release;
		};
/* End XCConfigurationList section */
	};
	rootObject = 731B3C7728AF6210004A41A4 /* Project object */;
}
